// !$*UTF8*$!
{
	archiveVersion = 1;
	classes = {
	};
	objectVersion = 50;
	objects = {

/* Begin PBXBuildFile section */
		904AE9AF21FED57700B1B247 /* AppDelegate.swift in Sources */ = {isa = PBXBuildFile; fileRef = 904AE9AE21FED57700B1B247 /* AppDelegate.swift */; };
		904AE9B121FED57700B1B247 /* ViewController.swift in Sources */ = {isa = PBXBuildFile; fileRef = 904AE9B021FED57700B1B247 /* ViewController.swift */; };
		904AE9B421FED57700B1B247 /* Main.storyboard in Resources */ = {isa = PBXBuildFile; fileRef = 904AE9B221FED57700B1B247 /* Main.storyboard */; };
		904AE9B621FED57900B1B247 /* Assets.xcassets in Resources */ = {isa = PBXBuildFile; fileRef = 904AE9B521FED57900B1B247 /* Assets.xcassets */; };
		904AE9B921FED57900B1B247 /* LaunchScreen.storyboard in Resources */ = {isa = PBXBuildFile; fileRef = 904AE9B721FED57900B1B247 /* LaunchScreen.storyboard */; };
		904AE9C421FED57900B1B247 /* tipCalculatorTests.swift in Sources */ = {isa = PBXBuildFile; fileRef = 904AE9C321FED57900B1B247 /* tipCalculatorTests.swift */; };
		904AE9CF21FED57900B1B247 /* tipCalculatorUITests.swift in Sources */ = {isa = PBXBuildFile; fileRef = 904AE9CE21FED57900B1B247 /* tipCalculatorUITests.swift */; };
		904AE9DD220190B900B1B247 /* settingsViewControlerViewController.swift in Sources */ = {isa = PBXBuildFile; fileRef = 904AE9DC220190B900B1B247 /* settingsViewControlerViewController.swift */; };
/* End PBXBuildFile section */

/* Begin PBXContainerItemProxy section */
		904AE9C021FED57900B1B247 /* PBXContainerItemProxy */ = {
			isa = PBXContainerItemProxy;
			containerPortal = 904AE9A321FED57700B1B247 /* Project object */;
			proxyType = 1;
			remoteGlobalIDString = 904AE9AA21FED57700B1B247;
			remoteInfo = tipCalculator;
		};
		904AE9CB21FED57900B1B247 /* PBXContainerItemProxy */ = {
			isa = PBXContainerItemProxy;
			containerPortal = 904AE9A321FED57700B1B247 /* Project object */;
			proxyType = 1;
			remoteGlobalIDString = 904AE9AA21FED57700B1B247;
			remoteInfo = tipCalculator;
		};
/* End PBXContainerItemProxy section */

/* Begin PBXFileReference section */
		904AE9AB21FED57700B1B247 /* tipCalculator.app */ = {isa = PBXFileReference; explicitFileType = wrapper.application; includeInIndex = 0; path = tipCalculator.app; sourceTree = BUILT_PRODUCTS_DIR; };
		904AE9AE21FED57700B1B247 /* AppDelegate.swift */ = {isa = PBXFileReference; lastKnownFileType = sourcecode.swift; path = AppDelegate.swift; sourceTree = "<group>"; };
		904AE9B021FED57700B1B247 /* ViewController.swift */ = {isa = PBXFileReference; lastKnownFileType = sourcecode.swift; path = ViewController.swift; sourceTree = "<group>"; };
		904AE9B321FED57700B1B247 /* Base */ = {isa = PBXFileReference; lastKnownFileType = file.storyboard; name = Base; path = Base.lproj/Main.storyboard; sourceTree = "<group>"; };
		904AE9B521FED57900B1B247 /* Assets.xcassets */ = {isa = PBXFileReference; lastKnownFileType = folder.assetcatalog; path = Assets.xcassets; sourceTree = "<group>"; };
		904AE9B821FED57900B1B247 /* Base */ = {isa = PBXFileReference; lastKnownFileType = file.storyboard; name = Base; path = Base.lproj/LaunchScreen.storyboard; sourceTree = "<group>"; };
		904AE9BA21FED57900B1B247 /* Info.plist */ = {isa = PBXFileReference; lastKnownFileType = text.plist.xml; path = Info.plist; sourceTree = "<group>"; };
		904AE9BF21FED57900B1B247 /* tipCalculatorTests.xctest */ = {isa = PBXFileReference; explicitFileType = wrapper.cfbundle; includeInIndex = 0; path = tipCalculatorTests.xctest; sourceTree = BUILT_PRODUCTS_DIR; };
		904AE9C321FED57900B1B247 /* tipCalculatorTests.swift */ = {isa = PBXFileReference; lastKnownFileType = sourcecode.swift; path = tipCalculatorTests.swift; sourceTree = "<group>"; };
		904AE9C521FED57900B1B247 /* Info.plist */ = {isa = PBXFileReference; lastKnownFileType = text.plist.xml; path = Info.plist; sourceTree = "<group>"; };
		904AE9CA21FED57900B1B247 /* tipCalculatorUITests.xctest */ = {isa = PBXFileReference; explicitFileType = wrapper.cfbundle; includeInIndex = 0; path = tipCalculatorUITests.xctest; sourceTree = BUILT_PRODUCTS_DIR; };
		904AE9CE21FED57900B1B247 /* tipCalculatorUITests.swift */ = {isa = PBXFileReference; lastKnownFileType = sourcecode.swift; path = tipCalculatorUITests.swift; sourceTree = "<group>"; };
		904AE9D021FED57A00B1B247 /* Info.plist */ = {isa = PBXFileReference; lastKnownFileType = text.plist.xml; path = Info.plist; sourceTree = "<group>"; };
		904AE9DC220190B900B1B247 /* settingsViewControlerViewController.swift */ = {isa = PBXFileReference; lastKnownFileType = sourcecode.swift; path = settingsViewControlerViewController.swift; sourceTree = "<group>"; };
/* End PBXFileReference section */

/* Begin PBXFrameworksBuildPhase section */
		904AE9A821FED57700B1B247 /* Frameworks */ = {
			isa = PBXFrameworksBuildPhase;
			buildActionMask = 2147483647;
			files = (
			);
			runOnlyForDeploymentPostprocessing = 0;
		};
		904AE9BC21FED57900B1B247 /* Frameworks */ = {
			isa = PBXFrameworksBuildPhase;
			buildActionMask = 2147483647;
			files = (
			);
			runOnlyForDeploymentPostprocessing = 0;
		};
		904AE9C721FED57900B1B247 /* Frameworks */ = {
			isa = PBXFrameworksBuildPhase;
			buildActionMask = 2147483647;
			files = (
			);
			runOnlyForDeploymentPostprocessing = 0;
		};
/* End PBXFrameworksBuildPhase section */

/* Begin PBXGroup section */
		904AE9A221FED57700B1B247 = {
			isa = PBXGroup;
			children = (
				904AE9AD21FED57700B1B247 /* tipCalculator */,
				904AE9C221FED57900B1B247 /* tipCalculatorTests */,
				904AE9CD21FED57900B1B247 /* tipCalculatorUITests */,
				904AE9AC21FED57700B1B247 /* Products */,
			);
			sourceTree = "<group>";
		};
		904AE9AC21FED57700B1B247 /* Products */ = {
			isa = PBXGroup;
			children = (
				904AE9AB21FED57700B1B247 /* tipCalculator.app */,
				904AE9BF21FED57900B1B247 /* tipCalculatorTests.xctest */,
				904AE9CA21FED57900B1B247 /* tipCalculatorUITests.xctest */,
			);
			name = Products;
			sourceTree = "<group>";
		};
		904AE9AD21FED57700B1B247 /* tipCalculator */ = {
			isa = PBXGroup;
			children = (
				904AE9AE21FED57700B1B247 /* AppDelegate.swift */,
				904AE9B021FED57700B1B247 /* ViewController.swift */,
				904AE9B221FED57700B1B247 /* Main.storyboard */,
				904AE9DC220190B900B1B247 /* settingsViewControlerViewController.swift */,
				904AE9B521FED57900B1B247 /* Assets.xcassets */,
				904AE9B721FED57900B1B247 /* LaunchScreen.storyboard */,
				904AE9BA21FED57900B1B247 /* Info.plist */,
			);
			path = tipCalculator;
			sourceTree = "<group>";
		};
		904AE9C221FED57900B1B247 /* tipCalculatorTests */ = {
			isa = PBXGroup;
			children = (
				904AE9C321FED57900B1B247 /* tipCalculatorTests.swift */,
				904AE9C521FED57900B1B247 /* Info.plist */,
			);
			path = tipCalculatorTests;
			sourceTree = "<group>";
		};
		904AE9CD21FED57900B1B247 /* tipCalculatorUITests */ = {
			isa = PBXGroup;
			children = (
				904AE9CE21FED57900B1B247 /* tipCalculatorUITests.swift */,
				904AE9D021FED57A00B1B247 /* Info.plist */,
			);
			path = tipCalculatorUITests;
			sourceTree = "<group>";
		};
/* End PBXGroup section */

/* Begin PBXNativeTarget section */
		904AE9AA21FED57700B1B247 /* tipCalculator */ = {
			isa = PBXNativeTarget;
			buildConfigurationList = 904AE9D321FED57A00B1B247 /* Build configuration list for PBXNativeTarget "tipCalculator" */;
			buildPhases = (
				904AE9A721FED57700B1B247 /* Sources */,
				904AE9A821FED57700B1B247 /* Frameworks */,
				904AE9A921FED57700B1B247 /* Resources */,
			);
			buildRules = (
			);
			dependencies = (
			);
			name = tipCalculator;
			productName = tipCalculator;
			productReference = 904AE9AB21FED57700B1B247 /* tipCalculator.app */;
			productType = "com.apple.product-type.application";
		};
		904AE9BE21FED57900B1B247 /* tipCalculatorTests */ = {
			isa = PBXNativeTarget;
			buildConfigurationList = 904AE9D621FED57A00B1B247 /* Build configuration list for PBXNativeTarget "tipCalculatorTests" */;
			buildPhases = (
				904AE9BB21FED57900B1B247 /* Sources */,
				904AE9BC21FED57900B1B247 /* Frameworks */,
				904AE9BD21FED57900B1B247 /* Resources */,
			);
			buildRules = (
			);
			dependencies = (
				904AE9C121FED57900B1B247 /* PBXTargetDependency */,
			);
			name = tipCalculatorTests;
			productName = tipCalculatorTests;
			productReference = 904AE9BF21FED57900B1B247 /* tipCalculatorTests.xctest */;
			productType = "com.apple.product-type.bundle.unit-test";
		};
		904AE9C921FED57900B1B247 /* tipCalculatorUITests */ = {
			isa = PBXNativeTarget;
			buildConfigurationList = 904AE9D921FED57A00B1B247 /* Build configuration list for PBXNativeTarget "tipCalculatorUITests" */;
			buildPhases = (
				904AE9C621FED57900B1B247 /* Sources */,
				904AE9C721FED57900B1B247 /* Frameworks */,
				904AE9C821FED57900B1B247 /* Resources */,
			);
			buildRules = (
			);
			dependencies = (
				904AE9CC21FED57900B1B247 /* PBXTargetDependency */,
			);
			name = tipCalculatorUITests;
			productName = tipCalculatorUITests;
			productReference = 904AE9CA21FED57900B1B247 /* tipCalculatorUITests.xctest */;
			productType = "com.apple.product-type.bundle.ui-testing";
		};
/* End PBXNativeTarget section */

/* Begin PBXProject section */
		904AE9A321FED57700B1B247 /* Project object */ = {
			isa = PBXProject;
			attributes = {
				LastSwiftUpdateCheck = 1010;
				LastUpgradeCheck = 1010;
				ORGANIZATIONNAME = "Marcus Del Bianco";
				TargetAttributes = {
					904AE9AA21FED57700B1B247 = {
						CreatedOnToolsVersion = 10.1;
					};
					904AE9BE21FED57900B1B247 = {
						CreatedOnToolsVersion = 10.1;
						TestTargetID = 904AE9AA21FED57700B1B247;
					};
					904AE9C921FED57900B1B247 = {
						CreatedOnToolsVersion = 10.1;
						TestTargetID = 904AE9AA21FED57700B1B247;
					};
				};
			};
			buildConfigurationList = 904AE9A621FED57700B1B247 /* Build configuration list for PBXProject "tipCalculator" */;
			compatibilityVersion = "Xcode 9.3";
			developmentRegion = en;
			hasScannedForEncodings = 0;
			knownRegions = (
				en,
				Base,
			);
			mainGroup = 904AE9A221FED57700B1B247;
			productRefGroup = 904AE9AC21FED57700B1B247 /* Products */;
			projectDirPath = "";
			projectRoot = "";
			targets = (
				904AE9AA21FED57700B1B247 /* tipCalculator */,
				904AE9BE21FED57900B1B247 /* tipCalculatorTests */,
				904AE9C921FED57900B1B247 /* tipCalculatorUITests */,
			);
		};
/* End PBXProject section */

/* Begin PBXResourcesBuildPhase section */
		904AE9A921FED57700B1B247 /* Resources */ = {
			isa = PBXResourcesBuildPhase;
			buildActionMask = 2147483647;
			files = (
				904AE9B921FED57900B1B247 /* LaunchScreen.storyboard in Resources */,
				904AE9B621FED57900B1B247 /* Assets.xcassets in Resources */,
				904AE9B421FED57700B1B247 /* Main.storyboard in Resources */,
			);
			runOnlyForDeploymentPostprocessing = 0;
		};
		904AE9BD21FED57900B1B247 /* Resources */ = {
			isa = PBXResourcesBuildPhase;
			buildActionMask = 2147483647;
			files = (
			);
			runOnlyForDeploymentPostprocessing = 0;
		};
		904AE9C821FED57900B1B247 /* Resources */ = {
			isa = PBXResourcesBuildPhase;
			buildActionMask = 2147483647;
			files = (
			);
			runOnlyForDeploymentPostprocessing = 0;
		};
/* End PBXResourcesBuildPhase section */

/* Begin PBXSourcesBuildPhase section */
		904AE9A721FED57700B1B247 /* Sources */ = {
			isa = PBXSourcesBuildPhase;
			buildActionMask = 2147483647;
			files = (
				904AE9B121FED57700B1B247 /* ViewController.swift in Sources */,
				904AE9AF21FED57700B1B247 /* AppDelegate.swift in Sources */,
				904AE9DD220190B900B1B247 /* settingsViewControlerViewController.swift in Sources */,
			);
			runOnlyForDeploymentPostprocessing = 0;
		};
		904AE9BB21FED57900B1B247 /* Sources */ = {
			isa = PBXSourcesBuildPhase;
			buildActionMask = 2147483647;
			files = (
				904AE9C421FED57900B1B247 /* tipCalculatorTests.swift in Sources */,
			);
			runOnlyForDeploymentPostprocessing = 0;
		};
		904AE9C621FED57900B1B247 /* Sources */ = {
			isa = PBXSourcesBuildPhase;
			buildActionMask = 2147483647;
			files = (
				904AE9CF21FED57900B1B247 /* tipCalculatorUITests.swift in Sources */,
			);
			runOnlyForDeploymentPostprocessing = 0;
		};
/* End PBXSourcesBuildPhase section */

/* Begin PBXTargetDependency section */
		904AE9C121FED57900B1B247 /* PBXTargetDependency */ = {
			isa = PBXTargetDependency;
			target = 904AE9AA21FED57700B1B247 /* tipCalculator */;
			targetProxy = 904AE9C021FED57900B1B247 /* PBXContainerItemProxy */;
		};
		904AE9CC21FED57900B1B247 /* PBXTargetDependency */ = {
			isa = PBXTargetDependency;
			target = 904AE9AA21FED57700B1B247 /* tipCalculator */;
			targetProxy = 904AE9CB21FED57900B1B247 /* PBXContainerItemProxy */;
		};
/* End PBXTargetDependency section */

/* Begin PBXVariantGroup section */
		904AE9B221FED57700B1B247 /* Main.storyboard */ = {
			isa = PBXVariantGroup;
			children = (
				904AE9B321FED57700B1B247 /* Base */,
			);
			name = Main.storyboard;
			sourceTree = "<group>";
		};
		904AE9B721FED57900B1B247 /* LaunchScreen.storyboard */ = {
			isa = PBXVariantGroup;
			children = (
				904AE9B821FED57900B1B247 /* Base */,
			);
			name = LaunchScreen.storyboard;
			sourceTree = "<group>";
		};
/* End PBXVariantGroup section */

/* Begin XCBuildConfiguration section */
		904AE9D121FED57A00B1B247 /* Debug */ = {
			isa = XCBuildConfiguration;
			buildSettings = {
				ALWAYS_SEARCH_USER_PATHS = NO;
				CLANG_ANALYZER_NONNULL = YES;
				CLANG_ANALYZER_NUMBER_OBJECT_CONVERSION = YES_AGGRESSIVE;
				CLANG_CXX_LANGUAGE_STANDARD = "gnu++14";
				CLANG_CXX_LIBRARY = "libc++";
				CLANG_ENABLE_MODULES = YES;
				CLANG_ENABLE_OBJC_ARC = YES;
				CLANG_ENABLE_OBJC_WEAK = YES;
				CLANG_WARN_BLOCK_CAPTURE_AUTORELEASING = YES;
				CLANG_WARN_BOOL_CONVERSION = YES;
				CLANG_WARN_COMMA = YES;
				CLANG_WARN_CONSTANT_CONVERSION = YES;
				CLANG_WARN_DEPRECATED_OBJC_IMPLEMENTATIONS = YES;
				CLANG_WARN_DIRECT_OBJC_ISA_USAGE = YES_ERROR;
				CLANG_WARN_DOCUMENTATION_COMMENTS = YES;
				CLANG_WARN_EMPTY_BODY = YES;
				CLANG_WARN_ENUM_CONVERSION = YES;
				CLANG_WARN_INFINITE_RECURSION = YES;
				CLANG_WARN_INT_CONVERSION = YES;
				CLANG_WARN_NON_LITERAL_NULL_CONVERSION = YES;
				CLANG_WARN_OBJC_IMPLICIT_RETAIN_SELF = YES;
				CLANG_WARN_OBJC_LITERAL_CONVERSION = YES;
				CLANG_WARN_OBJC_ROOT_CLASS = YES_ERROR;
				CLANG_WARN_RANGE_LOOP_ANALYSIS = YES;
				CLANG_WARN_STRICT_PROTOTYPES = YES;
				CLANG_WARN_SUSPICIOUS_MOVE = YES;
				CLANG_WARN_UNGUARDED_AVAILABILITY = YES_AGGRESSIVE;
				CLANG_WARN_UNREACHABLE_CODE = YES;
				CLANG_WARN__DUPLICATE_METHOD_MATCH = YES;
				CODE_SIGN_IDENTITY = "iPhone Developer";
				COPY_PHASE_STRIP = NO;
				DEBUG_INFORMATION_FORMAT = dwarf;
				ENABLE_STRICT_OBJC_MSGSEND = YES;
				ENABLE_TESTABILITY = YES;
				GCC_C_LANGUAGE_STANDARD = gnu11;
				GCC_DYNAMIC_NO_PIC = NO;
				GCC_NO_COMMON_BLOCKS = YES;
				GCC_OPTIMIZATION_LEVEL = 0;
				GCC_PREPROCESSOR_DEFINITIONS = (
					"DEBUG=1",
					"$(inherited)",
				);
				GCC_WARN_64_TO_32_BIT_CONVERSION = YES;
				GCC_WARN_ABOUT_RETURN_TYPE = YES_ERROR;
				GCC_WARN_UNDECLARED_SELECTOR = YES;
				GCC_WARN_UNINITIALIZED_AUTOS = YES_AGGRESSIVE;
				GCC_WARN_UNUSED_FUNCTION = YES;
				GCC_WARN_UNUSED_VARIABLE = YES;
				IPHONEOS_DEPLOYMENT_TARGET = 12.1;
				MTL_ENABLE_DEBUG_INFO = INCLUDE_SOURCE;
				MTL_FAST_MATH = YES;
				ONLY_ACTIVE_ARCH = YES;
				SDKROOT = iphoneos;
				SWIFT_ACTIVE_COMPILATION_CONDITIONS = DEBUG;
				SWIFT_OPTIMIZATION_LEVEL = "-Onone";
			};
			name = Debug;
		};
		904AE9D221FED57A00B1B247 /* Release */ = {
			isa = XCBuildConfiguration;
			buildSettings = {
				ALWAYS_SEARCH_USER_PATHS = NO;
				CLANG_ANALYZER_NONNULL = YES;
				CLANG_ANALYZER_NUMBER_OBJECT_CONVERSION = YES_AGGRESSIVE;
				CLANG_CXX_LANGUAGE_STANDARD = "gnu++14";
				CLANG_CXX_LIBRARY = "libc++";
				CLANG_ENABLE_MODULES = YES;
				CLANG_ENABLE_OBJC_ARC = YES;
				CLANG_ENABLE_OBJC_WEAK = YES;
				CLANG_WARN_BLOCK_CAPTURE_AUTORELEASING = YES;
				CLANG_WARN_BOOL_CONVERSION = YES;
				CLANG_WARN_COMMA = YES;
				CLANG_WARN_CONSTANT_CONVERSION = YES;
				CLANG_WARN_DEPRECATED_OBJC_IMPLEMENTATIONS = YES;
				CLANG_WARN_DIRECT_OBJC_ISA_USAGE = YES_ERROR;
				CLANG_WARN_DOCUMENTATION_COMMENTS = YES;
				CLANG_WARN_EMPTY_BODY = YES;
				CLANG_WARN_ENUM_CONVERSION = YES;
				CLANG_WARN_INFINITE_RECURSION = YES;
				CLANG_WARN_INT_CONVERSION = YES;
				CLANG_WARN_NON_LITERAL_NULL_CONVERSION = YES;
				CLANG_WARN_OBJC_IMPLICIT_RETAIN_SELF = YES;
				CLANG_WARN_OBJC_LITERAL_CONVERSION = YES;
				CLANG_WARN_OBJC_ROOT_CLASS = YES_ERROR;
				CLANG_WARN_RANGE_LOOP_ANALYSIS = YES;
				CLANG_WARN_STRICT_PROTOTYPES = YES;
				CLANG_WARN_SUSPICIOUS_MOVE = YES;
				CLANG_WARN_UNGUARDED_AVAILABILITY = YES_AGGRESSIVE;
				CLANG_WARN_UNREACHABLE_CODE = YES;
				CLANG_WARN__DUPLICATE_METHOD_MATCH = YES;
				CODE_SIGN_IDENTITY = "iPhone Developer";
				COPY_PHASE_STRIP = NO;
				DEBUG_INFORMATION_FORMAT = "dwarf-with-dsym";
				ENABLE_NS_ASSERTIONS = NO;
				ENABLE_STRICT_OBJC_MSGSEND = YES;
				GCC_C_LANGUAGE_STANDARD = gnu11;
				GCC_NO_COMMON_BLOCKS = YES;
				GCC_WARN_64_TO_32_BIT_CONVERSION = YES;
				GCC_WARN_ABOUT_RETURN_TYPE = YES_ERROR;
				GCC_WARN_UNDECLARED_SELECTOR = YES;
				GCC_WARN_UNINITIALIZED_AUTOS = YES_AGGRESSIVE;
				GCC_WARN_UNUSED_FUNCTION = YES;
				GCC_WARN_UNUSED_VARIABLE = YES;
				IPHONEOS_DEPLOYMENT_TARGET = 12.1;
				MTL_ENABLE_DEBUG_INFO = NO;
				MTL_FAST_MATH = YES;
				SDKROOT = iphoneos;
				SWIFT_COMPILATION_MODE = wholemodule;
				SWIFT_OPTIMIZATION_LEVEL = "-O";
				VALIDATE_PRODUCT = YES;
			};
			name = Release;
		};
		904AE9D421FED57A00B1B247 /* Debug */ = {
			isa = XCBuildConfiguration;
			buildSettings = {
				ASSETCATALOG_COMPILER_APPICON_NAME = AppIcon;
				CODE_SIGN_STYLE = Automatic;
				INFOPLIST_FILE = tipCalculator/Info.plist;
				LD_RUNPATH_SEARCH_PATHS = (
					"$(inherited)",
					"@executable_path/Frameworks",
				);
				PRODUCT_BUNDLE_IDENTIFIER = Marcus.tipCalculator;
				PRODUCT_NAME = "$(TARGET_NAME)";
				SWIFT_VERSION = 4.2;
				TARGETED_DEVICE_FAMILY = "1,2";
			};
			name = Debug;
		};
		904AE9D521FED57A00B1B247 /* Release */ = {
			isa = XCBuildConfiguration;
			buildSettings = {
				ASSETCATALOG_COMPILER_APPICON_NAME = AppIcon;
				CODE_SIGN_STYLE = Automatic;
				INFOPLIST_FILE = tipCalculator/Info.plist;
				LD_RUNPATH_SEARCH_PATHS = (
					"$(inherited)",
					"@executable_path/Frameworks",
				);
				PRODUCT_BUNDLE_IDENTIFIER = Marcus.tipCalculator;
				PRODUCT_NAME = "$(TARGET_NAME)";
				SWIFT_VERSION = 4.2;
				TARGETED_DEVICE_FAMILY = "1,2";
			};
			name = Release;
		};
		904AE9D721FED57A00B1B247 /* Debug */ = {
			isa = XCBuildConfiguration;
			buildSettings = {
				ALWAYS_EMBED_SWIFT_STANDARD_LIBRARIES = YES;
				BUNDLE_LOADER = "$(TEST_HOST)";
				CODE_SIGN_STYLE = Automatic;
				INFOPLIST_FILE = tipCalculatorTests/Info.plist;
				LD_RUNPATH_SEARCH_PATHS = (
					"$(inherited)",
					"@executable_path/Frameworks",
					"@loader_path/Frameworks",
				);
				PRODUCT_BUNDLE_IDENTIFIER = Marcus.tipCalculatorTests;
				PRODUCT_NAME = "$(TARGET_NAME)";
				SWIFT_VERSION = 4.2;
				TARGETED_DEVICE_FAMILY = "1,2";
				TEST_HOST = "$(BUILT_PRODUCTS_DIR)/tipCalculator.app/tipCalculator";
			};
			name = Debug;
		};
		904AE9D821FED57A00B1B247 /* Release */ = {
			isa = XCBuildConfiguration;
			buildSettings = {
				ALWAYS_EMBED_SWIFT_STANDARD_LIBRARIES = YES;
				BUNDLE_LOADER = "$(TEST_HOST)";
				CODE_SIGN_STYLE = Automatic;
				INFOPLIST_FILE = tipCalculatorTests/Info.plist;
				LD_RUNPATH_SEARCH_PATHS = (
					"$(inherited)",
					"@executable_path/Frameworks",
					"@loader_path/Frameworks",
				);
				PRODUCT_BUNDLE_IDENTIFIER = Marcus.tipCalculatorTests;
				PRODUCT_NAME = "$(TARGET_NAME)";
				SWIFT_VERSION = 4.2;
				TARGETED_DEVICE_FAMILY = "1,2";
				TEST_HOST = "$(BUILT_PRODUCTS_DIR)/tipCalculator.app/tipCalculator";
			};
			name = Release;
		};
		904AE9DA21FED57A00B1B247 /* Debug */ = {
			isa = XCBuildConfiguration;
			buildSettings = {
				ALWAYS_EMBED_SWIFT_STANDARD_LIBRARIES = YES;
				CODE_SIGN_STYLE = Automatic;
				INFOPLIST_FILE = tipCalculatorUITests/Info.plist;
				LD_RUNPATH_SEARCH_PATHS = (
					"$(inherited)",
					"@executable_path/Frameworks",
					"@loader_path/Frameworks",
				);
				PRODUCT_BUNDLE_IDENTIFIER = Marcus.tipCalculatorUITests;
				PRODUCT_NAME = "$(TARGET_NAME)";
				SWIFT_VERSION = 4.2;
				TARGETED_DEVICE_FAMILY = "1,2";
				TEST_TARGET_NAME = tipCalculator;
			};
			name = Debug;
		};
		904AE9DB21FED57A00B1B247 /* Release */ = {
			isa = XCBuildConfiguration;
			buildSettings = {
				ALWAYS_EMBED_SWIFT_STANDARD_LIBRARIES = YES;
				CODE_SIGN_STYLE = Automatic;
				INFOPLIST_FILE = tipCalculatorUITests/Info.plist;
				LD_RUNPATH_SEARCH_PATHS = (
					"$(inherited)",
					"@executable_path/Frameworks",
					"@loader_path/Frameworks",
				);
				PRODUCT_BUNDLE_IDENTIFIER = Marcus.tipCalculatorUITests;
				PRODUCT_NAME = "$(TARGET_NAME)";
				SWIFT_VERSION = 4.2;
				TARGETED_DEVICE_FAMILY = "1,2";
				TEST_TARGET_NAME = tipCalculator;
			};
			name = Release;
		};
/* End XCBuildConfiguration section */

/* Begin XCConfigurationList section */
		904AE9A621FED57700B1B247 /* Build configuration list for PBXProject "tipCalculator" */ = {
			isa = XCConfigurationList;
			buildConfigurations = (
				904AE9D121FED57A00B1B247 /* Debug */,
				904AE9D221FED57A00B1B247 /* Release */,
			);
			defaultConfigurationIsVisible = 0;
			defaultConfigurationName = Release;
		};
		904AE9D321FED57A00B1B247 /* Build configuration list for PBXNativeTarget "tipCalculator" */ = {
			isa = XCConfigurationList;
			buildConfigurations = (
				904AE9D421FED57A00B1B247 /* Debug */,
				904AE9D521FED57A00B1B247 /* Release */,
			);
			defaultConfigurationIsVisible = 0;
			defaultConfigurationName = Release;
		};
		904AE9D621FED57A00B1B247 /* Build configuration list for PBXNativeTarget "tipCalculatorTests" */ = {
			isa = XCConfigurationList;
			buildConfigurations = (
				904AE9D721FED57A00B1B247 /* Debug */,
				904AE9D821FED57A00B1B247 /* Release */,
			);
			defaultConfigurationIsVisible = 0;
			defaultConfigurationName = Release;
		};
		904AE9D921FED57A00B1B247 /* Build configuration list for PBXNativeTarget "tipCalculatorUITests" */ = {
			isa = XCConfigurationList;
			buildConfigurations = (
				904AE9DA21FED57A00B1B247 /* Debug */,
				904AE9DB21FED57A00B1B247 /* Release */,
			);
			defaultConfigurationIsVisible = 0;
			defaultConfigurationName = Release;
		};
/* End XCConfigurationList section */
	};
	rootObject = 904AE9A321FED57700B1B247 /* Project object */;
}
